
Microsoft Visual Studio Solution File, Format Version 12.00
# Visual Studio Version 17
VisualStudioVersion = 17.11.35327.3
MinimumVisualStudioVersion = 10.0.40219.1
Project("{FAE04EC0-301F-11D3-BF4B-00C04F79EFBC}") = "mathGameSwitch3", "mathGameSwitch3.csproj", "{5621015D-093B-49E4-B3C0-05A0B1D8DF01}"
EndProject
Global
	GlobalSection(SolutionConfigurationPlatforms) = preSolution
		Debug|Any CPU = Debug|Any CPU
		Release|Any CPU = Release|Any CPU
	EndGlobalSection
	GlobalSection(ProjectConfigurationPlatforms) = postSolution
		{5621015D-093B-49E4-B3C0-05A0B1D8DF01}.Debug|Any CPU.ActiveCfg = Debug|Any CPU
		{5621015D-093B-49E4-B3C0-05A0B1D8DF01}.Debug|Any CPU.Build.0 = Debug|Any CPU
		{5621015D-093B-49E4-B3C0-05A0B1D8DF01}.Release|Any CPU.ActiveCfg = Release|Any CPU
		{5621015D-093B-49E4-B3C0-05A0B1D8DF01}.Release|Any CPU.Build.0 = Release|Any CPU
	EndGlobalSection
	GlobalSection(SolutionProperties) = preSolution
		HideSolutionNode = FALSE
	EndGlobalSection
	GlobalSection(ExtensibilityGlobals) = postSolution
		SolutionGuid = {2BE68810-F17B-4E78-A90D-2D1CC0A2B167}
	EndGlobalSection
EndGlobal
